
Microsoft Visual Studio Solution File, Format Version 12.00
# Visual Studio Version 17
VisualStudioVersion = 17.9.34723.18
MinimumVisualStudioVersion = 10.0.40219.1
Project("{FAE04EC0-301F-11D3-BF4B-00C04F79EFBC}") = "CoffeeStoreManagementApp", "CoffeeStoreManagementApp\CoffeeStoreManagementApp.csproj", "{C832DFD5-AC5C-44F6-A1F3-B6A9B9B833FE}"
EndProject
Global
	GlobalSection(SolutionConfigurationPlatforms) = preSolution
		Debug|Any CPU = Debug|Any CPU
		Release|Any CPU = Release|Any CPU
	EndGlobalSection
	GlobalSection(ProjectConfigurationPlatforms) = postSolution
		{C832DFD5-AC5C-44F6-A1F3-B6A9B9B833FE}.Debug|Any CPU.ActiveCfg = Debug|Any CPU
		{C832DFD5-AC5C-44F6-A1F3-B6A9B9B833FE}.Debug|Any CPU.Build.0 = Debug|Any CPU
		{C832DFD5-AC5C-44F6-A1F3-B6A9B9B833FE}.Release|Any CPU.ActiveCfg = Release|Any CPU
		{C832DFD5-AC5C-44F6-A1F3-B6A9B9B833FE}.Release|Any CPU.Build.0 = Release|Any CPU
	EndGlobalSection
	GlobalSection(SolutionProperties) = preSolution
		HideSolutionNode = FALSE
	EndGlobalSection
	GlobalSection(ExtensibilityGlobals) = postSolution
		SolutionGuid = {DE3345AA-1BB6-47A5-85A9-E9CC3A41CE55}
	EndGlobalSection
EndGlobal
